
Microsoft Visual Studio Solution File, Format Version 12.00
# Visual Studio Version 17
VisualStudioVersion = 17.1.32421.90
MinimumVisualStudioVersion = 10.0.40219.1
Project("{2150E333-8FDC-42A3-9474-1A3956D46DE8}") = "Petzey.Authentication", "Petzey.Authentication", "{49D99099-77BC-4A5F-8AF6-09C16CD86FF8}"
EndProject
Project("{FAE04EC0-301F-11D3-BF4B-00C04F79EFBC}") = "Petzey.Authentication.API", "Petzey.Authentication.API\Petzey.Authentication.API.csproj", "{10555DB9-3713-4295-A5EB-7D4C589D8F26}"
EndProject
Project("{FAE04EC0-301F-11D3-BF4B-00C04F79EFBC}") = "Petzey.Authentication.DTOs", "Petzey.Authentication.DTOs\Petzey.Authentication.DTOs.csproj", "{79A89E61-A82A-4B90-ACD9-B496F2E5EC5C}"
EndProject
Project("{FAE04EC0-301F-11D3-BF4B-00C04F79EFBC}") = "Petzey.Authentication.Business", "Petzey.Authentication.Business\Petzey.Authentication.Business.csproj", "{FC65C070-F3A6-4F9E-A0A7-C43BAB1963B3}"
EndProject
Project("{FAE04EC0-301F-11D3-BF4B-00C04F79EFBC}") = "Petzey.Authentication.Models", "Petzey.Authentication.Models\Petzey.Authentication.Models.csproj", "{24C7B6D5-F9C4-44FD-A4CD-E6C3126685DE}"
EndProject
Project("{FAE04EC0-301F-11D3-BF4B-00C04F79EFBC}") = "Petzey.Authentication.Repositories", "Petzey.Authentication.Repositories\Petzey.Authentication.Repositories.csproj", "{ED837082-E964-4D7D-9FFF-280AAD6FEDF0}"
EndProject
Project("{FAE04EC0-301F-11D3-BF4B-00C04F79EFBC}") = "Petzey.Authentication.UnitTestProject", "Petzey.Authentication.UnitTestProject\Petzey.Authentication.UnitTestProject.csproj", "{815E5F14-66F2-49DF-8EFE-A4B97EEBF87C}"
EndProject
Project("{FAE04EC0-301F-11D3-BF4B-00C04F79EFBC}") = "Petzey.Pet.API", "..\Petzey.Pet\Petzey.Pet.API\Petzey.Pet.API.csproj", "{CF38573C-79A2-4466-8C16-4CC7580B4695}"
EndProject
Project("{2150E333-8FDC-42A3-9474-1A3956D46DE8}") = "Petzey.Pet", "Petzey.Pet", "{1F5CC6E2-9F46-49D5-9FC7-2B4F35733E6B}"
EndProject
Project("{FAE04EC0-301F-11D3-BF4B-00C04F79EFBC}") = "Petzey.Pet.DTOs", "..\Petzey.Pet\Petzey.Pet.DTOs\Petzey.Pet.DTOs.csproj", "{E0E2E35C-9C94-48E0-8BB4-9AE94A8ACF1F}"
EndProject
Project("{FAE04EC0-301F-11D3-BF4B-00C04F79EFBC}") = "Petzey.Pet.Business", "..\Petzey.Pet\Petzey.Pet.Business\Petzey.Pet.Business.csproj", "{91AD21AC-BCC6-4E68-9C36-AD41C6D50BDA}"
EndProject
Project("{FAE04EC0-301F-11D3-BF4B-00C04F79EFBC}") = "Petzey.Pet.Models", "..\Petzey.Pet\Petzey.Pet.Models\Petzey.Pet.Models.csproj", "{D1D0055C-A6AC-40B8-B728-269AD6E3CFC3}"
EndProject
Project("{FAE04EC0-301F-11D3-BF4B-00C04F79EFBC}") = "Petzey.Pet.Repositories", "..\Petzey.Pet\Petzey.Pet.Repositories\Petzey.Pet.Repositories.csproj", "{2A0E4D00-730D-420C-B8C3-B5E0EA607BCE}"
EndProject
Project("{FAE04EC0-301F-11D3-BF4B-00C04F79EFBC}") = "Petzey.Pet.UnitTestProject", "..\Petzey.Pet\Petzey.Pet.UnitTestProject\Petzey.Pet.UnitTestProject.csproj", "{0F64E7DF-276A-4C6F-AAFA-E09E74BCE57E}"
EndProject
Project("{2150E333-8FDC-42A3-9474-1A3956D46DE8}") = "Petzey.Vet", "Petzey.Vet", "{8C088041-250A-4F4B-9A49-178F155EE3F6}"
EndProject
Project("{FAE04EC0-301F-11D3-BF4B-00C04F79EFBC}") = "Petzey.Vet.API", "..\Petzey.Vet\Petzey.Vet.API\Petzey.Vet.API.csproj", "{E813B958-C347-4299-9291-5BCF199BCA53}"
EndProject
Project("{FAE04EC0-301F-11D3-BF4B-00C04F79EFBC}") = "Petzey.Vet.DTOs", "..\Petzey.Vet\Petzey.Vet.DTOs\Petzey.Vet.DTOs.csproj", "{BF2C9A9B-D42C-4D69-8FF6-AAED348AC5ED}"
EndProject
Project("{FAE04EC0-301F-11D3-BF4B-00C04F79EFBC}") = "Petzey.Vet.Business", "..\Petzey.Vet\Petzey.Vet.Business\Petzey.Vet.Business.csproj", "{F951F738-BF73-4248-B9D0-FAF4F010D266}"
EndProject
Project("{FAE04EC0-301F-11D3-BF4B-00C04F79EFBC}") = "Petzey.Vet.Models", "..\Petzey.Vet\Petzey.Vet.Models\Petzey.Vet.Models.csproj", "{9FDD5696-DCAB-49F7-BA87-02C8871EF89A}"
EndProject
Project("{FAE04EC0-301F-11D3-BF4B-00C04F79EFBC}") = "Petzey.Vet.Repositories", "..\Petzey.Vet\Petzey.Vet.Repositories\Petzey.Vet.Repositories.csproj", "{13E979C8-95E6-4C14-BBF7-8100C098E01E}"
EndProject
Project("{FAE04EC0-301F-11D3-BF4B-00C04F79EFBC}") = "Petzey.Vet.UnitTestProject", "..\Petzey.Vet\Petzey.Vet.UnitTestProject\Petzey.Vet.UnitTestProject.csproj", "{90D8CD8A-438F-4F31-8903-B046FE178F03}"
EndProject
Project("{2150E333-8FDC-42A3-9474-1A3956D46DE8}") = "Petzey.Consultation", "Petzey.Consultation", "{6BC43F42-AB2E-4019-8076-18DBB01669C2}"
EndProject
Project("{FAE04EC0-301F-11D3-BF4B-00C04F79EFBC}") = "Petzey.Consultation.API", "..\Petzey.Consultation\Petzey.Consultation.API\Petzey.Consultation.API.csproj", "{AB3D15C3-5A2D-4AEC-9842-3F199599CB4B}"
EndProject
Project("{FAE04EC0-301F-11D3-BF4B-00C04F79EFBC}") = "Petzey.Consultation.Business", "..\Petzey.Consultation\Petzey.Consultation.Business\Petzey.Consultation.Business.csproj", "{8537D312-C851-49F4-8F64-FFA464939B1E}"
EndProject
Project("{FAE04EC0-301F-11D3-BF4B-00C04F79EFBC}") = "Petzey.Consultation.DTOs", "..\Petzey.Consultation\Petzey.Consultation.DTOs\Petzey.Consultation.DTOs.csproj", "{A72021BD-AFDA-4AB5-8E85-FEC0400B2937}"
EndProject
Project("{FAE04EC0-301F-11D3-BF4B-00C04F79EFBC}") = "Petzey.Consultation.Models", "..\Petzey.Consultation\Petzey.Consultation.Models\Petzey.Consultation.Models.csproj", "{12214592-2876-43D5-AB3D-0B833CCFE550}"
EndProject
Project("{FAE04EC0-301F-11D3-BF4B-00C04F79EFBC}") = "Petzey.Consultation.Repositories", "..\Petzey.Consultation\Petzey.Consultation.Repositories\Petzey.Consultation.Repositories.csproj", "{B9838CBF-5B18-4E0F-9691-5FEDED5E7A5A}"
EndProject
Project("{FAE04EC0-301F-11D3-BF4B-00C04F79EFBC}") = "Petzey.Consultation.UnitTestProject", "..\Petzey.Consultation\Petzey.Consultation.UnitTestProject\Petzey.Consultation.UnitTestProject.csproj", "{C2B9A9D8-2802-4E03-81DD-1304C1F59F41}"
EndProject
Project("{2150E333-8FDC-42A3-9474-1A3956D46DE8}") = "Petzey.UI", "Petzey.UI", "{A0ED2E75-4E80-4923-9928-E70AAEE1A7CE}"
EndProject
Project("{FAE04EC0-301F-11D3-BF4B-00C04F79EFBC}") = "Petzey.UI", "..\Petzey.UI\Petzey.UI\Petzey.UI.csproj", "{C520B3DF-6E6B-43AA-AF2D-2B2FFD6F3710}"
EndProject
Project("{FAE04EC0-301F-11D3-BF4B-00C04F79EFBC}") = "ServiceUI", "..\Petzey.UI\ServiceUI\ServiceUI.csproj", "{9D247BD5-B353-4BCD-BFEA-1A26277D65C4}"
EndProject
Project("{FAE04EC0-301F-11D3-BF4B-00C04F79EFBC}") = "UIDTO", "..\Petzey.UI\UIDTO\UIDTO.csproj", "{67A705E9-D458-4AA4-8539-082E8D912004}"
EndProject
Project("{2150E333-8FDC-42A3-9474-1A3956D46DE8}") = "Petzey.HealthCareOps", "Petzey.HealthCareOps", "{981E81AD-98F3-4006-8643-FC32016FD561}"
EndProject
Project("{FAE04EC0-301F-11D3-BF4B-00C04F79EFBC}") = "Petzey.HealthCareOps.API", "..\Petzey.HealthCareOps\Petzey.HealthCareOps.API\Petzey.HealthCareOps.API.csproj", "{F23598C8-DFDD-4184-B382-647A6DAA67C2}"
EndProject
Project("{FAE04EC0-301F-11D3-BF4B-00C04F79EFBC}") = "Petzey.HealthCareOps.Business", "..\Petzey.HealthCareOps\Petzey.HealthCareOps.Business\Petzey.HealthCareOps.Business.csproj", "{5F25ADAA-5266-43DF-BCAA-2A473BB181B8}"
EndProject
Project("{FAE04EC0-301F-11D3-BF4B-00C04F79EFBC}") = "Petzey.HealthCareOps.DTOs", "..\Petzey.HealthCareOps\Petzey.HealthCareOps.DTOs\Petzey.HealthCareOps.DTOs.csproj", "{2C17011D-F4FF-4F4B-A9D3-E121944C45D2}"
EndProject
Project("{FAE04EC0-301F-11D3-BF4B-00C04F79EFBC}") = "Petzey.HealthCareOps.Models", "..\Petzey.HealthCareOps\Petzey.HealthCareOps.Models\Petzey.HealthCareOps.Models.csproj", "{8ABA3D15-34D0-4BC9-927C-5BA5325B6397}"
EndProject
Project("{FAE04EC0-301F-11D3-BF4B-00C04F79EFBC}") = "Petzey.HealthCareOps.Repositories", "..\Petzey.HealthCareOps\Petzey.HealthCareOps.Repositories\Petzey.HealthCareOps.Repositories.csproj", "{60B1B1BC-29F7-4364-A55E-BCBC3BDFB6FA}"
EndProject
Project("{FAE04EC0-301F-11D3-BF4B-00C04F79EFBC}") = "Petzey.HealthCareOps.UnitTestProject", "..\Petzey.HealthCareOps\Petzey.HealthCareOps.UnitTestProject\Petzey.HealthCareOps.UnitTestProject.csproj", "{5101C414-30FD-4FD5-9F0F-743E780D54CD}"
EndProject
Global
	GlobalSection(SolutionConfigurationPlatforms) = preSolution
		Debug|Any CPU = Debug|Any CPU
		Release|Any CPU = Release|Any CPU
	EndGlobalSection
	GlobalSection(ProjectConfigurationPlatforms) = postSolution
		{10555DB9-3713-4295-A5EB-7D4C589D8F26}.Debug|Any CPU.ActiveCfg = Debug|Any CPU
		{10555DB9-3713-4295-A5EB-7D4C589D8F26}.Debug|Any CPU.Build.0 = Debug|Any CPU
		{10555DB9-3713-4295-A5EB-7D4C589D8F26}.Release|Any CPU.ActiveCfg = Release|Any CPU
		{10555DB9-3713-4295-A5EB-7D4C589D8F26}.Release|Any CPU.Build.0 = Release|Any CPU
		{79A89E61-A82A-4B90-ACD9-B496F2E5EC5C}.Debug|Any CPU.ActiveCfg = Debug|Any CPU
		{79A89E61-A82A-4B90-ACD9-B496F2E5EC5C}.Debug|Any CPU.Build.0 = Debug|Any CPU
		{79A89E61-A82A-4B90-ACD9-B496F2E5EC5C}.Release|Any CPU.ActiveCfg = Release|Any CPU
		{79A89E61-A82A-4B90-ACD9-B496F2E5EC5C}.Release|Any CPU.Build.0 = Release|Any CPU
		{FC65C070-F3A6-4F9E-A0A7-C43BAB1963B3}.Debug|Any CPU.ActiveCfg = Debug|Any CPU
		{FC65C070-F3A6-4F9E-A0A7-C43BAB1963B3}.Debug|Any CPU.Build.0 = Debug|Any CPU
		{FC65C070-F3A6-4F9E-A0A7-C43BAB1963B3}.Release|Any CPU.ActiveCfg = Release|Any CPU
		{FC65C070-F3A6-4F9E-A0A7-C43BAB1963B3}.Release|Any CPU.Build.0 = Release|Any CPU
		{24C7B6D5-F9C4-44FD-A4CD-E6C3126685DE}.Debug|Any CPU.ActiveCfg = Debug|Any CPU
		{24C7B6D5-F9C4-44FD-A4CD-E6C3126685DE}.Debug|Any CPU.Build.0 = Debug|Any CPU
		{24C7B6D5-F9C4-44FD-A4CD-E6C3126685DE}.Release|Any CPU.ActiveCfg = Release|Any CPU
		{24C7B6D5-F9C4-44FD-A4CD-E6C3126685DE}.Release|Any CPU.Build.0 = Release|Any CPU
		{ED837082-E964-4D7D-9FFF-280AAD6FEDF0}.Debug|Any CPU.ActiveCfg = Debug|Any CPU
		{ED837082-E964-4D7D-9FFF-280AAD6FEDF0}.Debug|Any CPU.Build.0 = Debug|Any CPU
		{ED837082-E964-4D7D-9FFF-280AAD6FEDF0}.Release|Any CPU.ActiveCfg = Release|Any CPU
		{ED837082-E964-4D7D-9FFF-280AAD6FEDF0}.Release|Any CPU.Build.0 = Release|Any CPU
		{815E5F14-66F2-49DF-8EFE-A4B97EEBF87C}.Debug|Any CPU.ActiveCfg = Debug|Any CPU
		{815E5F14-66F2-49DF-8EFE-A4B97EEBF87C}.Debug|Any CPU.Build.0 = Debug|Any CPU
		{815E5F14-66F2-49DF-8EFE-A4B97EEBF87C}.Release|Any CPU.ActiveCfg = Release|Any CPU
		{815E5F14-66F2-49DF-8EFE-A4B97EEBF87C}.Release|Any CPU.Build.0 = Release|Any CPU
		{CF38573C-79A2-4466-8C16-4CC7580B4695}.Debug|Any CPU.ActiveCfg = Debug|Any CPU
		{CF38573C-79A2-4466-8C16-4CC7580B4695}.Debug|Any CPU.Build.0 = Debug|Any CPU
		{CF38573C-79A2-4466-8C16-4CC7580B4695}.Release|Any CPU.ActiveCfg = Release|Any CPU
		{CF38573C-79A2-4466-8C16-4CC7580B4695}.Release|Any CPU.Build.0 = Release|Any CPU
		{E0E2E35C-9C94-48E0-8BB4-9AE94A8ACF1F}.Debug|Any CPU.ActiveCfg = Debug|Any CPU
		{E0E2E35C-9C94-48E0-8BB4-9AE94A8ACF1F}.Debug|Any CPU.Build.0 = Debug|Any CPU
		{E0E2E35C-9C94-48E0-8BB4-9AE94A8ACF1F}.Release|Any CPU.ActiveCfg = Release|Any CPU
		{E0E2E35C-9C94-48E0-8BB4-9AE94A8ACF1F}.Release|Any CPU.Build.0 = Release|Any CPU
		{91AD21AC-BCC6-4E68-9C36-AD41C6D50BDA}.Debug|Any CPU.ActiveCfg = Debug|Any CPU
		{91AD21AC-BCC6-4E68-9C36-AD41C6D50BDA}.Debug|Any CPU.Build.0 = Debug|Any CPU
		{91AD21AC-BCC6-4E68-9C36-AD41C6D50BDA}.Release|Any CPU.ActiveCfg = Release|Any CPU
		{91AD21AC-BCC6-4E68-9C36-AD41C6D50BDA}.Release|Any CPU.Build.0 = Release|Any CPU
		{D1D0055C-A6AC-40B8-B728-269AD6E3CFC3}.Debug|Any CPU.ActiveCfg = Debug|Any CPU
		{D1D0055C-A6AC-40B8-B728-269AD6E3CFC3}.Debug|Any CPU.Build.0 = Debug|Any CPU
		{D1D0055C-A6AC-40B8-B728-269AD6E3CFC3}.Release|Any CPU.ActiveCfg = Release|Any CPU
		{D1D0055C-A6AC-40B8-B728-269AD6E3CFC3}.Release|Any CPU.Build.0 = Release|Any CPU
		{2A0E4D00-730D-420C-B8C3-B5E0EA607BCE}.Debug|Any CPU.ActiveCfg = Debug|Any CPU
		{2A0E4D00-730D-420C-B8C3-B5E0EA607BCE}.Debug|Any CPU.Build.0 = Debug|Any CPU
		{2A0E4D00-730D-420C-B8C3-B5E0EA607BCE}.Release|Any CPU.ActiveCfg = Release|Any CPU
		{2A0E4D00-730D-420C-B8C3-B5E0EA607BCE}.Release|Any CPU.Build.0 = Release|Any CPU
		{0F64E7DF-276A-4C6F-AAFA-E09E74BCE57E}.Debug|Any CPU.ActiveCfg = Debug|Any CPU
		{0F64E7DF-276A-4C6F-AAFA-E09E74BCE57E}.Debug|Any CPU.Build.0 = Debug|Any CPU
		{0F64E7DF-276A-4C6F-AAFA-E09E74BCE57E}.Release|Any CPU.ActiveCfg = Release|Any CPU
		{0F64E7DF-276A-4C6F-AAFA-E09E74BCE57E}.Release|Any CPU.Build.0 = Release|Any CPU
		{E813B958-C347-4299-9291-5BCF199BCA53}.Debug|Any CPU.ActiveCfg = Debug|Any CPU
		{E813B958-C347-4299-9291-5BCF199BCA53}.Debug|Any CPU.Build.0 = Debug|Any CPU
		{E813B958-C347-4299-9291-5BCF199BCA53}.Release|Any CPU.ActiveCfg = Release|Any CPU
		{E813B958-C347-4299-9291-5BCF199BCA53}.Release|Any CPU.Build.0 = Release|Any CPU
		{BF2C9A9B-D42C-4D69-8FF6-AAED348AC5ED}.Debug|Any CPU.ActiveCfg = Debug|Any CPU
		{BF2C9A9B-D42C-4D69-8FF6-AAED348AC5ED}.Debug|Any CPU.Build.0 = Debug|Any CPU
		{BF2C9A9B-D42C-4D69-8FF6-AAED348AC5ED}.Release|Any CPU.ActiveCfg = Release|Any CPU
		{BF2C9A9B-D42C-4D69-8FF6-AAED348AC5ED}.Release|Any CPU.Build.0 = Release|Any CPU
		{F951F738-BF73-4248-B9D0-FAF4F010D266}.Debug|Any CPU.ActiveCfg = Debug|Any CPU
		{F951F738-BF73-4248-B9D0-FAF4F010D266}.Debug|Any CPU.Build.0 = Debug|Any CPU
		{F951F738-BF73-4248-B9D0-FAF4F010D266}.Release|Any CPU.ActiveCfg = Release|Any CPU
		{F951F738-BF73-4248-B9D0-FAF4F010D266}.Release|Any CPU.Build.0 = Release|Any CPU
		{9FDD5696-DCAB-49F7-BA87-02C8871EF89A}.Debug|Any CPU.ActiveCfg = Debug|Any CPU
		{9FDD5696-DCAB-49F7-BA87-02C8871EF89A}.Debug|Any CPU.Build.0 = Debug|Any CPU
		{9FDD5696-DCAB-49F7-BA87-02C8871EF89A}.Release|Any CPU.ActiveCfg = Release|Any CPU
		{9FDD5696-DCAB-49F7-BA87-02C8871EF89A}.Release|Any CPU.Build.0 = Release|Any CPU
		{13E979C8-95E6-4C14-BBF7-8100C098E01E}.Debug|Any CPU.ActiveCfg = Debug|Any CPU
		{13E979C8-95E6-4C14-BBF7-8100C098E01E}.Debug|Any CPU.Build.0 = Debug|Any CPU
		{13E979C8-95E6-4C14-BBF7-8100C098E01E}.Release|Any CPU.ActiveCfg = Release|Any CPU
		{13E979C8-95E6-4C14-BBF7-8100C098E01E}.Release|Any CPU.Build.0 = Release|Any CPU
		{90D8CD8A-438F-4F31-8903-B046FE178F03}.Debug|Any CPU.ActiveCfg = Debug|Any CPU
		{90D8CD8A-438F-4F31-8903-B046FE178F03}.Debug|Any CPU.Build.0 = Debug|Any CPU
		{90D8CD8A-438F-4F31-8903-B046FE178F03}.Release|Any CPU.ActiveCfg = Release|Any CPU
		{90D8CD8A-438F-4F31-8903-B046FE178F03}.Release|Any CPU.Build.0 = Release|Any CPU
		{AB3D15C3-5A2D-4AEC-9842-3F199599CB4B}.Debug|Any CPU.ActiveCfg = Debug|Any CPU
		{AB3D15C3-5A2D-4AEC-9842-3F199599CB4B}.Debug|Any CPU.Build.0 = Debug|Any CPU
		{AB3D15C3-5A2D-4AEC-9842-3F199599CB4B}.Release|Any CPU.ActiveCfg = Release|Any CPU
		{AB3D15C3-5A2D-4AEC-9842-3F199599CB4B}.Release|Any CPU.Build.0 = Release|Any CPU
		{8537D312-C851-49F4-8F64-FFA464939B1E}.Debug|Any CPU.ActiveCfg = Debug|Any CPU
		{8537D312-C851-49F4-8F64-FFA464939B1E}.Debug|Any CPU.Build.0 = Debug|Any CPU
		{8537D312-C851-49F4-8F64-FFA464939B1E}.Release|Any CPU.ActiveCfg = Release|Any CPU
		{8537D312-C851-49F4-8F64-FFA464939B1E}.Release|Any CPU.Build.0 = Release|Any CPU
		{A72021BD-AFDA-4AB5-8E85-FEC0400B2937}.Debug|Any CPU.ActiveCfg = Debug|Any CPU
		{A72021BD-AFDA-4AB5-8E85-FEC0400B2937}.Debug|Any CPU.Build.0 = Debug|Any CPU
		{A72021BD-AFDA-4AB5-8E85-FEC0400B2937}.Release|Any CPU.ActiveCfg = Release|Any CPU
		{A72021BD-AFDA-4AB5-8E85-FEC0400B2937}.Release|Any CPU.Build.0 = Release|Any CPU
		{12214592-2876-43D5-AB3D-0B833CCFE550}.Debug|Any CPU.ActiveCfg = Debug|Any CPU
		{12214592-2876-43D5-AB3D-0B833CCFE550}.Debug|Any CPU.Build.0 = Debug|Any CPU
		{12214592-2876-43D5-AB3D-0B833CCFE550}.Release|Any CPU.ActiveCfg = Release|Any CPU
		{12214592-2876-43D5-AB3D-0B833CCFE550}.Release|Any CPU.Build.0 = Release|Any CPU
		{B9838CBF-5B18-4E0F-9691-5FEDED5E7A5A}.Debug|Any CPU.ActiveCfg = Debug|Any CPU
		{B9838CBF-5B18-4E0F-9691-5FEDED5E7A5A}.Debug|Any CPU.Build.0 = Debug|Any CPU
		{B9838CBF-5B18-4E0F-9691-5FEDED5E7A5A}.Release|Any CPU.ActiveCfg = Release|Any CPU
		{B9838CBF-5B18-4E0F-9691-5FEDED5E7A5A}.Release|Any CPU.Build.0 = Release|Any CPU
		{C2B9A9D8-2802-4E03-81DD-1304C1F59F41}.Debug|Any CPU.ActiveCfg = Debug|Any CPU
		{C2B9A9D8-2802-4E03-81DD-1304C1F59F41}.Debug|Any CPU.Build.0 = Debug|Any CPU
		{C2B9A9D8-2802-4E03-81DD-1304C1F59F41}.Release|Any CPU.ActiveCfg = Release|Any CPU
		{C2B9A9D8-2802-4E03-81DD-1304C1F59F41}.Release|Any CPU.Build.0 = Release|Any CPU
		{C520B3DF-6E6B-43AA-AF2D-2B2FFD6F3710}.Debug|Any CPU.ActiveCfg = Debug|Any CPU
		{C520B3DF-6E6B-43AA-AF2D-2B2FFD6F3710}.Debug|Any CPU.Build.0 = Debug|Any CPU
		{C520B3DF-6E6B-43AA-AF2D-2B2FFD6F3710}.Release|Any CPU.ActiveCfg = Release|Any CPU
		{C520B3DF-6E6B-43AA-AF2D-2B2FFD6F3710}.Release|Any CPU.Build.0 = Release|Any CPU
		{9D247BD5-B353-4BCD-BFEA-1A26277D65C4}.Debug|Any CPU.ActiveCfg = Debug|Any CPU
		{9D247BD5-B353-4BCD-BFEA-1A26277D65C4}.Debug|Any CPU.Build.0 = Debug|Any CPU
		{9D247BD5-B353-4BCD-BFEA-1A26277D65C4}.Release|Any CPU.ActiveCfg = Release|Any CPU
		{9D247BD5-B353-4BCD-BFEA-1A26277D65C4}.Release|Any CPU.Build.0 = Release|Any CPU
		{67A705E9-D458-4AA4-8539-082E8D912004}.Debug|Any CPU.ActiveCfg = Debug|Any CPU
		{67A705E9-D458-4AA4-8539-082E8D912004}.Debug|Any CPU.Build.0 = Debug|Any CPU
		{67A705E9-D458-4AA4-8539-082E8D912004}.Release|Any CPU.ActiveCfg = Release|Any CPU
		{67A705E9-D458-4AA4-8539-082E8D912004}.Release|Any CPU.Build.0 = Release|Any CPU
		{F23598C8-DFDD-4184-B382-647A6DAA67C2}.Debug|Any CPU.ActiveCfg = Debug|Any CPU
		{F23598C8-DFDD-4184-B382-647A6DAA67C2}.Debug|Any CPU.Build.0 = Debug|Any CPU
		{F23598C8-DFDD-4184-B382-647A6DAA67C2}.Release|Any CPU.ActiveCfg = Release|Any CPU
		{F23598C8-DFDD-4184-B382-647A6DAA67C2}.Release|Any CPU.Build.0 = Release|Any CPU
		{5F25ADAA-5266-43DF-BCAA-2A473BB181B8}.Debug|Any CPU.ActiveCfg = Debug|Any CPU
		{5F25ADAA-5266-43DF-BCAA-2A473BB181B8}.Debug|Any CPU.Build.0 = Debug|Any CPU
		{5F25ADAA-5266-43DF-BCAA-2A473BB181B8}.Release|Any CPU.ActiveCfg = Release|Any CPU
		{5F25ADAA-5266-43DF-BCAA-2A473BB181B8}.Release|Any CPU.Build.0 = Release|Any CPU
		{2C17011D-F4FF-4F4B-A9D3-E121944C45D2}.Debug|Any CPU.ActiveCfg = Debug|Any CPU
		{2C17011D-F4FF-4F4B-A9D3-E121944C45D2}.Debug|Any CPU.Build.0 = Debug|Any CPU
		{2C17011D-F4FF-4F4B-A9D3-E121944C45D2}.Release|Any CPU.ActiveCfg = Release|Any CPU
		{2C17011D-F4FF-4F4B-A9D3-E121944C45D2}.Release|Any CPU.Build.0 = Release|Any CPU
		{8ABA3D15-34D0-4BC9-927C-5BA5325B6397}.Debug|Any CPU.ActiveCfg = Debug|Any CPU
		{8ABA3D15-34D0-4BC9-927C-5BA5325B6397}.Debug|Any CPU.Build.0 = Debug|Any CPU
		{8ABA3D15-34D0-4BC9-927C-5BA5325B6397}.Release|Any CPU.ActiveCfg = Release|Any CPU
		{8ABA3D15-34D0-4BC9-927C-5BA5325B6397}.Release|Any CPU.Build.0 = Release|Any CPU
		{60B1B1BC-29F7-4364-A55E-BCBC3BDFB6FA}.Debug|Any CPU.ActiveCfg = Debug|Any CPU
		{60B1B1BC-29F7-4364-A55E-BCBC3BDFB6FA}.Debug|Any CPU.Build.0 = Debug|Any CPU
		{60B1B1BC-29F7-4364-A55E-BCBC3BDFB6FA}.Release|Any CPU.ActiveCfg = Release|Any CPU
		{60B1B1BC-29F7-4364-A55E-BCBC3BDFB6FA}.Release|Any CPU.Build.0 = Release|Any CPU
		{5101C414-30FD-4FD5-9F0F-743E780D54CD}.Debug|Any CPU.ActiveCfg = Debug|Any CPU
		{5101C414-30FD-4FD5-9F0F-743E780D54CD}.Debug|Any CPU.Build.0 = Debug|Any CPU
		{5101C414-30FD-4FD5-9F0F-743E780D54CD}.Release|Any CPU.ActiveCfg = Release|Any CPU
		{5101C414-30FD-4FD5-9F0F-743E780D54CD}.Release|Any CPU.Build.0 = Release|Any CPU
	EndGlobalSection
	GlobalSection(SolutionProperties) = preSolution
		HideSolutionNode = FALSE
	EndGlobalSection
	GlobalSection(NestedProjects) = preSolution
		{10555DB9-3713-4295-A5EB-7D4C589D8F26} = {49D99099-77BC-4A5F-8AF6-09C16CD86FF8}
		{79A89E61-A82A-4B90-ACD9-B496F2E5EC5C} = {49D99099-77BC-4A5F-8AF6-09C16CD86FF8}
		{FC65C070-F3A6-4F9E-A0A7-C43BAB1963B3} = {49D99099-77BC-4A5F-8AF6-09C16CD86FF8}
		{24C7B6D5-F9C4-44FD-A4CD-E6C3126685DE} = {49D99099-77BC-4A5F-8AF6-09C16CD86FF8}
		{ED837082-E964-4D7D-9FFF-280AAD6FEDF0} = {49D99099-77BC-4A5F-8AF6-09C16CD86FF8}
		{815E5F14-66F2-49DF-8EFE-A4B97EEBF87C} = {49D99099-77BC-4A5F-8AF6-09C16CD86FF8}
		{CF38573C-79A2-4466-8C16-4CC7580B4695} = {1F5CC6E2-9F46-49D5-9FC7-2B4F35733E6B}
		{E0E2E35C-9C94-48E0-8BB4-9AE94A8ACF1F} = {1F5CC6E2-9F46-49D5-9FC7-2B4F35733E6B}
		{91AD21AC-BCC6-4E68-9C36-AD41C6D50BDA} = {1F5CC6E2-9F46-49D5-9FC7-2B4F35733E6B}
		{D1D0055C-A6AC-40B8-B728-269AD6E3CFC3} = {1F5CC6E2-9F46-49D5-9FC7-2B4F35733E6B}
		{2A0E4D00-730D-420C-B8C3-B5E0EA607BCE} = {1F5CC6E2-9F46-49D5-9FC7-2B4F35733E6B}
		{0F64E7DF-276A-4C6F-AAFA-E09E74BCE57E} = {1F5CC6E2-9F46-49D5-9FC7-2B4F35733E6B}
		{E813B958-C347-4299-9291-5BCF199BCA53} = {8C088041-250A-4F4B-9A49-178F155EE3F6}
		{BF2C9A9B-D42C-4D69-8FF6-AAED348AC5ED} = {8C088041-250A-4F4B-9A49-178F155EE3F6}
		{F951F738-BF73-4248-B9D0-FAF4F010D266} = {8C088041-250A-4F4B-9A49-178F155EE3F6}
		{9FDD5696-DCAB-49F7-BA87-02C8871EF89A} = {8C088041-250A-4F4B-9A49-178F155EE3F6}
		{13E979C8-95E6-4C14-BBF7-8100C098E01E} = {8C088041-250A-4F4B-9A49-178F155EE3F6}
		{90D8CD8A-438F-4F31-8903-B046FE178F03} = {8C088041-250A-4F4B-9A49-178F155EE3F6}
		{AB3D15C3-5A2D-4AEC-9842-3F199599CB4B} = {6BC43F42-AB2E-4019-8076-18DBB01669C2}
		{8537D312-C851-49F4-8F64-FFA464939B1E} = {6BC43F42-AB2E-4019-8076-18DBB01669C2}
		{A72021BD-AFDA-4AB5-8E85-FEC0400B2937} = {6BC43F42-AB2E-4019-8076-18DBB01669C2}
		{12214592-2876-43D5-AB3D-0B833CCFE550} = {6BC43F42-AB2E-4019-8076-18DBB01669C2}
		{B9838CBF-5B18-4E0F-9691-5FEDED5E7A5A} = {6BC43F42-AB2E-4019-8076-18DBB01669C2}
		{C2B9A9D8-2802-4E03-81DD-1304C1F59F41} = {6BC43F42-AB2E-4019-8076-18DBB01669C2}
		{C520B3DF-6E6B-43AA-AF2D-2B2FFD6F3710} = {A0ED2E75-4E80-4923-9928-E70AAEE1A7CE}
		{9D247BD5-B353-4BCD-BFEA-1A26277D65C4} = {A0ED2E75-4E80-4923-9928-E70AAEE1A7CE}
		{67A705E9-D458-4AA4-8539-082E8D912004} = {A0ED2E75-4E80-4923-9928-E70AAEE1A7CE}
		{F23598C8-DFDD-4184-B382-647A6DAA67C2} = {981E81AD-98F3-4006-8643-FC32016FD561}
		{5F25ADAA-5266-43DF-BCAA-2A473BB181B8} = {981E81AD-98F3-4006-8643-FC32016FD561}
		{2C17011D-F4FF-4F4B-A9D3-E121944C45D2} = {981E81AD-98F3-4006-8643-FC32016FD561}
		{8ABA3D15-34D0-4BC9-927C-5BA5325B6397} = {981E81AD-98F3-4006-8643-FC32016FD561}
		{60B1B1BC-29F7-4364-A55E-BCBC3BDFB6FA} = {981E81AD-98F3-4006-8643-FC32016FD561}
		{5101C414-30FD-4FD5-9F0F-743E780D54CD} = {981E81AD-98F3-4006-8643-FC32016FD561}
	EndGlobalSection
	GlobalSection(ExtensibilityGlobals) = postSolution
		SolutionGuid = {00BD5955-F794-4033-B494-AC23A1439716}
	EndGlobalSection
EndGlobal
